
Microsoft Visual Studio Solution File, Format Version 12.00
# Visual Studio Version 17
VisualStudioVersion = 17.0.31903.59
MinimumVisualStudioVersion = 10.0.40219.1
Project("{FAE04EC0-301F-11D3-BF4B-00C04F79EFBC}") = "Goiabada.TestIntegration.Backend.WebApi", "Goiabada.TestIntegration.Backend.WebApi\Goiabada.TestIntegration.Backend.WebApi.csproj", "{9D0E9D35-9963-4F5E-8368-7B104B1D844F}"
EndProject
Global
	GlobalSection(SolutionConfigurationPlatforms) = preSolution
		Debug|Any CPU = Debug|Any CPU
		Release|Any CPU = Release|Any CPU
	EndGlobalSection
	GlobalSection(SolutionProperties) = preSolution
		HideSolutionNode = FALSE
	EndGlobalSection
	GlobalSection(ProjectConfigurationPlatforms) = postSolution
		{9D0E9D35-9963-4F5E-8368-7B104B1D844F}.Debug|Any CPU.ActiveCfg = Debug|Any CPU
		{9D0E9D35-9963-4F5E-8368-7B104B1D844F}.Debug|Any CPU.Build.0 = Debug|Any CPU
		{9D0E9D35-9963-4F5E-8368-7B104B1D844F}.Release|Any CPU.ActiveCfg = Release|Any CPU
		{9D0E9D35-9963-4F5E-8368-7B104B1D844F}.Release|Any CPU.Build.0 = Release|Any CPU
	EndGlobalSection
EndGlobal
